
Microsoft Visual Studio Solution File, Format Version 12.00
# Visual Studio Version 17
VisualStudioVersion = 17.13.35913.81
MinimumVisualStudioVersion = 10.0.40219.1
Project("{FAE04EC0-301F-11D3-BF4B-00C04F79EFBC}") = "DotNetClone", "DotNetClone\DotNetClone.csproj", "{3B250660-DA78-43D5-996D-216CCCF4987B}"
EndProject
Project("{FAE04EC0-301F-11D3-BF4B-00C04F79EFBC}") = "DotNetClone.Tests", "DotNetClone.Tests\DotNetClone.Tests.csproj", "{8A6A100A-153E-48BF-836C-7731FBA6FC2C}"
EndProject
Project("{FAE04EC0-301F-11D3-BF4B-00C04F79EFBC}") = "DotNetClone.Debug", "DotNetClone.Debug\DotNetClone.Debug.csproj", "{E3726D1D-5E90-403B-AA64-D5688E171ACD}"
EndProject
Global
	GlobalSection(SolutionConfigurationPlatforms) = preSolution
		Debug|Any CPU = Debug|Any CPU
		Release|Any CPU = Release|Any CPU
	EndGlobalSection
	GlobalSection(ProjectConfigurationPlatforms) = postSolution
		{3B250660-DA78-43D5-996D-216CCCF4987B}.Debug|Any CPU.ActiveCfg = Debug|Any CPU
		{3B250660-DA78-43D5-996D-216CCCF4987B}.Debug|Any CPU.Build.0 = Debug|Any CPU
		{3B250660-DA78-43D5-996D-216CCCF4987B}.Release|Any CPU.ActiveCfg = Release|Any CPU
		{3B250660-DA78-43D5-996D-216CCCF4987B}.Release|Any CPU.Build.0 = Release|Any CPU
		{8A6A100A-153E-48BF-836C-7731FBA6FC2C}.Debug|Any CPU.ActiveCfg = Debug|Any CPU
		{8A6A100A-153E-48BF-836C-7731FBA6FC2C}.Debug|Any CPU.Build.0 = Debug|Any CPU
		{8A6A100A-153E-48BF-836C-7731FBA6FC2C}.Release|Any CPU.ActiveCfg = Release|Any CPU
		{8A6A100A-153E-48BF-836C-7731FBA6FC2C}.Release|Any CPU.Build.0 = Release|Any CPU
		{E3726D1D-5E90-403B-AA64-D5688E171ACD}.Debug|Any CPU.ActiveCfg = Debug|Any CPU
		{E3726D1D-5E90-403B-AA64-D5688E171ACD}.Debug|Any CPU.Build.0 = Debug|Any CPU
		{E3726D1D-5E90-403B-AA64-D5688E171ACD}.Release|Any CPU.ActiveCfg = Release|Any CPU
		{E3726D1D-5E90-403B-AA64-D5688E171ACD}.Release|Any CPU.Build.0 = Release|Any CPU
	EndGlobalSection
	GlobalSection(SolutionProperties) = preSolution
		HideSolutionNode = FALSE
	EndGlobalSection
	GlobalSection(ExtensibilityGlobals) = postSolution
		SolutionGuid = {B6F3AA33-6D0C-44CF-9F60-FC8FDC616C75}
	EndGlobalSection
EndGlobal
